
Microsoft Visual Studio Solution File, Format Version 12.00
# Visual Studio Version 17
VisualStudioVersion = 17.14.36811.4 d17.14
MinimumVisualStudioVersion = 10.0.40219.1
Project("{FAE04EC0-301F-11D3-BF4B-00C04F79EFBC}") = "TravelQuotesApi", "TravelQuotesApi.csproj", "{610BD735-82C3-8499-5F5C-8AA133E2EF05}"
EndProject
Global
	GlobalSection(SolutionConfigurationPlatforms) = preSolution
		Debug|Any CPU = Debug|Any CPU
		Release|Any CPU = Release|Any CPU
	EndGlobalSection
	GlobalSection(ProjectConfigurationPlatforms) = postSolution
		{610BD735-82C3-8499-5F5C-8AA133E2EF05}.Debug|Any CPU.ActiveCfg = Debug|Any CPU
		{610BD735-82C3-8499-5F5C-8AA133E2EF05}.Debug|Any CPU.Build.0 = Debug|Any CPU
		{610BD735-82C3-8499-5F5C-8AA133E2EF05}.Release|Any CPU.ActiveCfg = Release|Any CPU
		{610BD735-82C3-8499-5F5C-8AA133E2EF05}.Release|Any CPU.Build.0 = Release|Any CPU
	EndGlobalSection
	GlobalSection(SolutionProperties) = preSolution
		HideSolutionNode = FALSE
	EndGlobalSection
	GlobalSection(ExtensibilityGlobals) = postSolution
		SolutionGuid = {62FFFF61-2FBF-4341-99CC-B48B7A3300AB}
	EndGlobalSection
EndGlobal
